// !$*UTF8*$!
{
	archiveVersion = 1;
	classes = {
	};
	objectVersion = 46;
	objects = {

/* Begin PBXBuildFile section */
		E21DF4CB1DD951E000941BAE /* main.m in Sources */ = {isa = PBXBuildFile; fileRef = E21DF4CA1DD951E000941BAE /* main.m */; };
		E21DF4CE1DD951E000941BAE /* AppDelegate.m in Sources */ = {isa = PBXBuildFile; fileRef = E21DF4CD1DD951E000941BAE /* AppDelegate.m */; };
		E21DF4D11DD951E000941BAE /* ViewController.m in Sources */ = {isa = PBXBuildFile; fileRef = E21DF4D01DD951E000941BAE /* ViewController.m */; };
		E21DF4D41DD951E000941BAE /* Main.storyboard in Resources */ = {isa = PBXBuildFile; fileRef = E21DF4D21DD951E000941BAE /* Main.storyboard */; };
		E21DF4D61DD951E000941BAE /* Assets.xcassets in Resources */ = {isa = PBXBuildFile; fileRef = E21DF4D51DD951E000941BAE /* Assets.xcassets */; };
		E21DF4D91DD951E000941BAE /* LaunchScreen.storyboard in Resources */ = {isa = PBXBuildFile; fileRef = E21DF4D71DD951E000941BAE /* LaunchScreen.storyboard */; };
		E21DF4E81DD9520100941BAE /* BaseLoadingView.m in Sources */ = {isa = PBXBuildFile; fileRef = E21DF4E21DD9520100941BAE /* BaseLoadingView.m */; };
		E21DF4E91DD9520100941BAE /* LoadingView.m in Sources */ = {isa = PBXBuildFile; fileRef = E21DF4E41DD9520100941BAE /* LoadingView.m */; };
		E21DF4EA1DD9520100941BAE /* LoadingAnimationView.m in Sources */ = {isa = PBXBuildFile; fileRef = E21DF4E61DD9520100941BAE /* LoadingAnimationView.m */; };
		E21DF4EB1DD9520100941BAE /* loadingAnimationView.xib in Resources */ = {isa = PBXBuildFile; fileRef = E21DF4E71DD9520100941BAE /* loadingAnimationView.xib */; };
/* End PBXBuildFile section */

/* Begin PBXFileReference section */
		E21DF4C61DD951E000941BAE /* LHMWWaterInjectionLoadingDemo.app */ = {isa = PBXFileReference; explicitFileType = wrapper.application; includeInIndex = 0; path = LHMWWaterInjectionLoadingDemo.app; sourceTree = BUILT_PRODUCTS_DIR; };
		E21DF4CA1DD951E000941BAE /* main.m */ = {isa = PBXFileReference; lastKnownFileType = sourcecode.c.objc; path = main.m; sourceTree = "<group>"; };
		E21DF4CC1DD951E000941BAE /* AppDelegate.h */ = {isa = PBXFileReference; lastKnownFileType = sourcecode.c.h; path = AppDelegate.h; sourceTree = "<group>"; };
		E21DF4CD1DD951E000941BAE /* AppDelegate.m */ = {isa = PBXFileReference; lastKnownFileType = sourcecode.c.objc; path = AppDelegate.m; sourceTree = "<group>"; };
		E21DF4CF1DD951E000941BAE /* ViewController.h */ = {isa = PBXFileReference; lastKnownFileType = sourcecode.c.h; path = ViewController.h; sourceTree = "<group>"; };
		E21DF4D01DD951E000941BAE /* ViewController.m */ = {isa = PBXFileReference; lastKnownFileType = sourcecode.c.objc; path = ViewController.m; sourceTree = "<group>"; };
		E21DF4D31DD951E000941BAE /* Base */ = {isa = PBXFileReference; lastKnownFileType = file.storyboard; name = Base; path = Base.lproj/Main.storyboard; sourceTree = "<group>"; };
		E21DF4D51DD951E000941BAE /* Assets.xcassets */ = {isa = PBXFileReference; lastKnownFileType = folder.assetcatalog; path = Assets.xcassets; sourceTree = "<group>"; };
		E21DF4D81DD951E000941BAE /* Base */ = {isa = PBXFileReference; lastKnownFileType = file.storyboard; name = Base; path = Base.lproj/LaunchScreen.storyboard; sourceTree = "<group>"; };
		E21DF4DA1DD951E000941BAE /* Info.plist */ = {isa = PBXFileReference; lastKnownFileType = text.plist.xml; path = Info.plist; sourceTree = "<group>"; };
		E21DF4E11DD9520100941BAE /* BaseLoadingView.h */ = {isa = PBXFileReference; fileEncoding = 4; lastKnownFileType = sourcecode.c.h; path = BaseLoadingView.h; sourceTree = "<group>"; };
		E21DF4E21DD9520100941BAE /* BaseLoadingView.m */ = {isa = PBXFileReference; fileEncoding = 4; lastKnownFileType = sourcecode.c.objc; path = BaseLoadingView.m; sourceTree = "<group>"; };
		E21DF4E31DD9520100941BAE /* LoadingView.h */ = {isa = PBXFileReference; fileEncoding = 4; lastKnownFileType = sourcecode.c.h; path = LoadingView.h; sourceTree = "<group>"; };
		E21DF4E41DD9520100941BAE /* LoadingView.m */ = {isa = PBXFileReference; fileEncoding = 4; lastKnownFileType = sourcecode.c.objc; path = LoadingView.m; sourceTree = "<group>"; };
		E21DF4E51DD9520100941BAE /* LoadingAnimationView.h */ = {isa = PBXFileReference; fileEncoding = 4; lastKnownFileType = sourcecode.c.h; path = LoadingAnimationView.h; sourceTree = "<group>"; };
		E21DF4E61DD9520100941BAE /* LoadingAnimationView.m */ = {isa = PBXFileReference; fileEncoding = 4; lastKnownFileType = sourcecode.c.objc; path = LoadingAnimationView.m; sourceTree = "<group>"; };
		E21DF4E71DD9520100941BAE /* loadingAnimationView.xib */ = {isa = PBXFileReference; fileEncoding = 4; lastKnownFileType = file.xib; path = loadingAnimationView.xib; sourceTree = "<group>"; };
/* End PBXFileReference section */

/* Begin PBXFrameworksBuildPhase section */
		E21DF4C31DD951E000941BAE /* Frameworks */ = {
			isa = PBXFrameworksBuildPhase;
			buildActionMask = 2147483647;
			files = (
			);
			runOnlyForDeploymentPostprocessing = 0;
		};
/* End PBXFrameworksBuildPhase section */

/* Begin PBXGroup section */
		E21DF4BD1DD951E000941BAE = {
			isa = PBXGroup;
			children = (
				E21DF4C81DD951E000941BAE /* LHMWWaterInjectionLoadingDemo */,
				E21DF4C71DD951E000941BAE /* Products */,
			);
			sourceTree = "<group>";
		};
		E21DF4C71DD951E000941BAE /* Products */ = {
			isa = PBXGroup;
			children = (
				E21DF4C61DD951E000941BAE /* LHMWWaterInjectionLoadingDemo.app */,
			);
			name = Products;
			sourceTree = "<group>";
		};
		E21DF4C81DD951E000941BAE /* LHMWWaterInjectionLoadingDemo */ = {
			isa = PBXGroup;
			children = (
				E21DF4E01DD951F000941BAE /* LoadingView */,
				E21DF4CC1DD951E000941BAE /* AppDelegate.h */,
				E21DF4CD1DD951E000941BAE /* AppDelegate.m */,
				E21DF4CF1DD951E000941BAE /* ViewController.h */,
				E21DF4D01DD951E000941BAE /* ViewController.m */,
				E21DF4D21DD951E000941BAE /* Main.storyboard */,
				E21DF4D51DD951E000941BAE /* Assets.xcassets */,
				E21DF4D71DD951E000941BAE /* LaunchScreen.storyboard */,
				E21DF4DA1DD951E000941BAE /* Info.plist */,
				E21DF4C91DD951E000941BAE /* Supporting Files */,
			);
			path = LHMWWaterInjectionLoadingDemo;
			sourceTree = "<group>";
		};
		E21DF4C91DD951E000941BAE /* Supporting Files */ = {
			isa = PBXGroup;
			children = (
				E21DF4CA1DD951E000941BAE /* main.m */,
			);
			name = "Supporting Files";
			sourceTree = "<group>";
		};
		E21DF4E01DD951F000941BAE /* LoadingView */ = {
			isa = PBXGroup;
			children = (
				E21DF4E11DD9520100941BAE /* BaseLoadingView.h */,
				E21DF4E21DD9520100941BAE /* BaseLoadingView.m */,
				E21DF4E31DD9520100941BAE /* LoadingView.h */,
				E21DF4E41DD9520100941BAE /* LoadingView.m */,
				E21DF4E51DD9520100941BAE /* LoadingAnimationView.h */,
				E21DF4E61DD9520100941BAE /* LoadingAnimationView.m */,
				E21DF4E71DD9520100941BAE /* loadingAnimationView.xib */,
			);
			name = LoadingView;
			sourceTree = "<group>";
		};
/* End PBXGroup section */

/* Begin PBXNativeTarget section */
		E21DF4C51DD951E000941BAE /* LHMWWaterInjectionLoadingDemo */ = {
			isa = PBXNativeTarget;
			buildConfigurationList = E21DF4DD1DD951E000941BAE /* Build configuration list for PBXNativeTarget "LHMWWaterInjectionLoadingDemo" */;
			buildPhases = (
				E21DF4C21DD951E000941BAE /* Sources */,
				E21DF4C31DD951E000941BAE /* Frameworks */,
				E21DF4C41DD951E000941BAE /* Resources */,
			);
			buildRules = (
			);
			dependencies = (
			);
			name = LHMWWaterInjectionLoadingDemo;
			productName = LHMWWaterInjectionLoadingDemo;
			productReference = E21DF4C61DD951E000941BAE /* LHMWWaterInjectionLoadingDemo.app */;
			productType = "com.apple.product-type.application";
		};
/* End PBXNativeTarget section */

/* Begin PBXProject section */
		E21DF4BE1DD951E000941BAE /* Project object */ = {
			isa = PBXProject;
			attributes = {
				LastUpgradeCheck = 0810;
				ORGANIZATIONNAME = "Li Haomiao";
				TargetAttributes = {
					E21DF4C51DD951E000941BAE = {
						CreatedOnToolsVersion = 8.1;
						DevelopmentTeam = 59U9PKJ5KW;
						ProvisioningStyle = Automatic;
					};
				};
			};
			buildConfigurationList = E21DF4C11DD951E000941BAE /* Build configuration list for PBXProject "LHMWWaterInjectionLoadingDemo" */;
			compatibilityVersion = "Xcode 3.2";
			developmentRegion = English;
			hasScannedForEncodings = 0;
			knownRegions = (
				en,
				Base,
			);
			mainGroup = E21DF4BD1DD951E000941BAE;
			productRefGroup = E21DF4C71DD951E000941BAE /* Products */;
			projectDirPath = "";
			projectRoot = "";
			targets = (
				E21DF4C51DD951E000941BAE /* LHMWWaterInjectionLoadingDemo */,
			);
		};
/* End PBXProject section */

/* Begin PBXResourcesBuildPhase section */
		E21DF4C41DD951E000941BAE /* Resources */ = {
			isa = PBXResourcesBuildPhase;
			buildActionMask = 2147483647;
			files = (
				E21DF4D91DD951E000941BAE /* LaunchScreen.storyboard in Resources */,
				E21DF4D61DD951E000941BAE /* Assets.xcassets in Resources */,
				E21DF4EB1DD9520100941BAE /* loadingAnimationView.xib in Resources */,
				E21DF4D41DD951E000941BAE /* Main.storyboard in Resources */,
			);
			runOnlyForDeploymentPostprocessing = 0;
		};
/* End PBXResourcesBuildPhase section */

/* Begin PBXSourcesBuildPhase section */
		E21DF4C21DD951E000941BAE /* Sources */ = {
			isa = PBXSourcesBuildPhase;
			buildActionMask = 2147483647;
			files = (
				E21DF4EA1DD9520100941BAE /* LoadingAnimationView.m in Sources */,
				E21DF4E91DD9520100941BAE /* LoadingView.m in Sources */,
				E21DF4E81DD9520100941BAE /* BaseLoadingView.m in Sources */,
				E21DF4D11DD951E000941BAE /* ViewController.m in Sources */,
				E21DF4CE1DD951E000941BAE /* AppDelegate.m in Sources */,
				E21DF4CB1DD951E000941BAE /* main.m in Sources */,
			);
			runOnlyForDeploymentPostprocessing = 0;
		};
/* End PBXSourcesBuildPhase section */

/* Begin PBXVariantGroup section */
		E21DF4D21DD951E000941BAE /* Main.storyboard */ = {
			isa = PBXVariantGroup;
			children = (
				E21DF4D31DD951E000941BAE /* Base */,
			);
			name = Main.storyboard;
			sourceTree = "<group>";
		};
		E21DF4D71DD951E000941BAE /* LaunchScreen.storyboard */ = {
			isa = PBXVariantGroup;
			children = (
				E21DF4D81DD951E000941BAE /* Base */,
			);
			name = LaunchScreen.storyboard;
			sourceTree = "<group>";
		};
/* End PBXVariantGroup section */

/* Begin XCBuildConfiguration section */
		E21DF4DB1DD951E000941BAE /* Debug */ = {
			isa = XCBuildConfiguration;
			buildSettings = {
				ALWAYS_SEARCH_USER_PATHS = NO;
				CLANG_ANALYZER_NONNULL = YES;
				CLANG_CXX_LANGUAGE_STANDARD = "gnu++0x";
				CLANG_CXX_LIBRARY = "libc++";
				CLANG_ENABLE_MODULES = YES;
				CLANG_ENABLE_OBJC_ARC = YES;
				CLANG_WARN_BOOL_CONVERSION = YES;
				CLANG_WARN_CONSTANT_CONVERSION = YES;
				CLANG_WARN_DIRECT_OBJC_ISA_USAGE = YES_ERROR;
				CLANG_WARN_DOCUMENTATION_COMMENTS = YES;
				CLANG_WARN_EMPTY_BODY = YES;
				CLANG_WARN_ENUM_CONVERSION = YES;
				CLANG_WARN_INFINITE_RECURSION = YES;
				CLANG_WARN_INT_CONVERSION = YES;
				CLANG_WARN_OBJC_ROOT_CLASS = YES_ERROR;
				CLANG_WARN_SUSPICIOUS_MOVES = YES;
				CLANG_WARN_UNREACHABLE_CODE = YES;
				CLANG_WARN__DUPLICATE_METHOD_MATCH = YES;
				"CODE_SIGN_IDENTITY[sdk=iphoneos*]" = "iPhone Developer";
				COPY_PHASE_STRIP = NO;
				DEBUG_INFORMATION_FORMAT = dwarf;
				ENABLE_STRICT_OBJC_MSGSEND = YES;
				ENABLE_TESTABILITY = YES;
				GCC_C_LANGUAGE_STANDARD = gnu99;
				GCC_DYNAMIC_NO_PIC = NO;
				GCC_NO_COMMON_BLOCKS = YES;
				GCC_OPTIMIZATION_LEVEL = 0;
				GCC_PREPROCESSOR_DEFINITIONS = (
					"DEBUG=1",
					"$(inherited)",
				);
				GCC_WARN_64_TO_32_BIT_CONVERSION = YES;
				GCC_WARN_ABOUT_RETURN_TYPE = YES_ERROR;
				GCC_WARN_UNDECLARED_SELECTOR = YES;
				GCC_WARN_UNINITIALIZED_AUTOS = YES_AGGRESSIVE;
				GCC_WARN_UNUSED_FUNCTION = YES;
				GCC_WARN_UNUSED_VARIABLE = YES;
				IPHONEOS_DEPLOYMENT_TARGET = 10.1;
				MTL_ENABLE_DEBUG_INFO = YES;
				ONLY_ACTIVE_ARCH = YES;
				SDKROOT = iphoneos;
			};
			name = Debug;
		};
		E21DF4DC1DD951E000941BAE /* Release */ = {
			isa = XCBuildConfiguration;
			buildSettings = {
				ALWAYS_SEARCH_USER_PATHS = NO;
				CLANG_ANALYZER_NONNULL = YES;
				CLANG_CXX_LANGUAGE_STANDARD = "gnu++0x";
				CLANG_CXX_LIBRARY = "libc++";
				CLANG_ENABLE_MODULES = YES;
				CLANG_ENABLE_OBJC_ARC = YES;
				CLANG_WARN_BOOL_CONVERSION = YES;
				CLANG_WARN_CONSTANT_CONVERSION = YES;
				CLANG_WARN_DIRECT_OBJC_ISA_USAGE = YES_ERROR;
				CLANG_WARN_DOCUMENTATION_COMMENTS = YES;
				CLANG_WARN_EMPTY_BODY = YES;
				CLANG_WARN_ENUM_CONVERSION = YES;
				CLANG_WARN_INFINITE_RECURSION = YES;
				CLANG_WARN_INT_CONVERSION = YES;
				CLANG_WARN_OBJC_ROOT_CLASS = YES_ERROR;
				CLANG_WARN_SUSPICIOUS_MOVES = YES;
				CLANG_WARN_UNREACHABLE_CODE = YES;
				CLANG_WARN__DUPLICATE_METHOD_MATCH = YES;
				"CODE_SIGN_IDENTITY[sdk=iphoneos*]" = "iPhone Developer";
				COPY_PHASE_STRIP = NO;
				DEBUG_INFORMATION_FORMAT = "dwarf-with-dsym";
				ENABLE_NS_ASSERTIONS = NO;
				ENABLE_STRICT_OBJC_MSGSEND = YES;
				GCC_C_LANGUAGE_STANDARD = gnu99;
				GCC_NO_COMMON_BLOCKS = YES;
				GCC_WARN_64_TO_32_BIT_CONVERSION = YES;
				GCC_WARN_ABOUT_RETURN_TYPE = YES_ERROR;
				GCC_WARN_UNDECLARED_SELECTOR = YES;
				GCC_WARN_UNINITIALIZED_AUTOS = YES_AGGRESSIVE;
				GCC_WARN_UNUSED_FUNCTION = YES;
				GCC_WARN_UNUSED_VARIABLE = YES;
				IPHONEOS_DEPLOYMENT_TARGET = 10.1;
				MTL_ENABLE_DEBUG_INFO = NO;
				SDKROOT = iphoneos;
				VALIDATE_PRODUCT = YES;
			};
			name = Release;
		};
		E21DF4DE1DD951E000941BAE /* Debug */ = {
			isa = XCBuildConfiguration;
			buildSettings = {
				ASSETCATALOG_COMPILER_APPICON_NAME = AppIcon;
				DEVELOPMENT_TEAM = 59U9PKJ5KW;
				INFOPLIST_FILE = LHMWWaterInjectionLoadingDemo/Info.plist;
				LD_RUNPATH_SEARCH_PATHS = "$(inherited) @executable_path/Frameworks";
				PRODUCT_BUNDLE_IDENTIFIER = lhm.LHMWWaterInjectionLoadingDemo;
				PRODUCT_NAME = "$(TARGET_NAME)";
			};
			name = Debug;
		};
		E21DF4DF1DD951E000941BAE /* Release */ = {
			isa = XCBuildConfiguration;
			buildSettings = {
				ASSETCATALOG_COMPILER_APPICON_NAME = AppIcon;
				DEVELOPMENT_TEAM = 59U9PKJ5KW;
				INFOPLIST_FILE = LHMWWaterInjectionLoadingDemo/Info.plist;
				LD_RUNPATH_SEARCH_PATHS = "$(inherited) @executable_path/Frameworks";
				PRODUCT_BUNDLE_IDENTIFIER = lhm.LHMWWaterInjectionLoadingDemo;
				PRODUCT_NAME = "$(TARGET_NAME)";
			};
			name = Release;
		};
/* End XCBuildConfiguration section */

/* Begin XCConfigurationList section */
		E21DF4C11DD951E000941BAE /* Build configuration list for PBXProject "LHMWWaterInjectionLoadingDemo" */ = {
			isa = XCConfigurationList;
			buildConfigurations = (
				E21DF4DB1DD951E000941BAE /* Debug */,
				E21DF4DC1DD951E000941BAE /* Release */,
			);
			defaultConfigurationIsVisible = 0;
			defaultConfigurationName = Release;
		};
		E21DF4DD1DD951E000941BAE /* Build configuration list for PBXNativeTarget "LHMWWaterInjectionLoadingDemo" */ = {
			isa = XCConfigurationList;
			buildConfigurations = (
				E21DF4DE1DD951E000941BAE /* Debug */,
				E21DF4DF1DD951E000941BAE /* Release */,
			);
			defaultConfigurationIsVisible = 0;
			defaultConfigurationName = Release;
		};
/* End XCConfigurationList section */
	};
	rootObject = E21DF4BE1DD951E000941BAE /* Project object */;
}
